{
  "nodes": {
    "flake-utils": {
      "inputs": {
        "systems": "systems"
      },
      "locked": {
        "lastModified": 1710146030,
        "narHash": "sha256-SZ5L6eA7HJ/nmkzGG7/ISclqe6oZdOZTNoesiInkXPQ=",
        "owner": "numtide",
        "repo": "flake-utils",
        "rev": "b1d9ab70662946ef0850d488da1c9019f3a9752a",
        "type": "github"
      },
      "original": {
        "owner": "numtide",
        "repo": "flake-utils",
        "type": "github"
      }
    },
    "malariasimulation": {
      "flake": false,
      "locked": {
        "lastModified": 0,
        "narHash": "sha256-yp25VxHLX1jrLRXelYJn+c6gdFJgzibahZLWxQBK0x0=",
        "path": "/home/pl2113/Work/Malaria/malariasimulation",
        "type": "path"
      },
      "original": {
        "path": "/home/pl2113/Work/Malaria/malariasimulation",
        "type": "path"
      }
    },
    "nixpkgs": {
      "locked": {
        "lastModified": 1716948383,
        "narHash": "sha256-SzDKxseEcHR5KzPXLwsemyTR/kaM9whxeiJohbL04rs=",
        "owner": "nixos",
        "repo": "nixpkgs",
        "rev": "ad57eef4ef0659193044870c731987a6df5cf56b",
        "type": "github"
      },
      "original": {
        "owner": "nixos",
        "ref": "nixos-unstable",
        "repo": "nixpkgs",
        "type": "github"
      }
    },
    "reside": {
      "inputs": {
        "flake-utils": "flake-utils",
        "nixpkgs": [
          "nixpkgs"
        ]
      },
      "locked": {
        "lastModified": 1717029615,
        "narHash": "sha256-XH9BKuMjvNbHLM+ciCbUHkH/guz8ii/F6CPswXbfPTs=",
        "owner": "plietar",
        "repo": "reside.nix",
        "rev": "d378e54971c5e2ce5942ca8546a9e2da07e58383",
        "type": "github"
      },
      "original": {
        "owner": "plietar",
        "repo": "reside.nix",
        "type": "github"
      }
    },
    "root": {
      "inputs": {
        "malariasimulation": "malariasimulation",
        "nixpkgs": "nixpkgs",
        "reside": "reside"
      }
    },
    "systems": {
      "locked": {
        "lastModified": 1681028828,
        "narHash": "sha256-Vy1rq5AaRuLzOxct8nz4T6wlgyUR7zLU309k9mBC768=",
        "owner": "nix-systems",
        "repo": "default",
        "rev": "da67096a3b9bf56a91d16901293e51ba5b49a27e",
        "type": "github"
      },
      "original": {
        "owner": "nix-systems",
        "repo": "default",
        "type": "github"
      }
    }
  },
  "root": "root",
  "version": 7
}
